{
  "nodes": {
    "dagger": {
      "inputs": {
        "nixpkgs": [
          "nixpkgs"
        ]
      },
      "locked": {
        "lastModified": 1776312396,
        "narHash": "sha256-+kIlfrvisYdTgdix932MnQEKjq0yJsJL+vnG/I6QJ68=",
        "owner": "dagger",
        "repo": "nix",
        "rev": "851584fd8093ab942b4aa833cdef53050b27279b",
        "type": "github"
      },
      "original": {
        "owner": "dagger",
        "repo": "nix",
        "type": "github"
      }
    },
    "devenv": {
      "locked": {
        "dir": "src/modules",
        "lastModified": 1776773941,
        "narHash": "sha256-8/cGa7i+dllY+Tt41lGKpOlWDluO7m7lKqMcmMQyKbM=",
        "owner": "cachix",
        "repo": "devenv",
        "rev": "0b5bf2e504299dc4e6693a9cb64264e76bbc7855",
        "type": "github"
      },
      "original": {
        "dir": "src/modules",
        "owner": "cachix",
        "repo": "devenv",
        "type": "github"
      }
    },
    "nixpkgs": {
      "inputs": {
        "nixpkgs-src": "nixpkgs-src"
      },
      "locked": {
        "lastModified": 1776771808,
        "narHash": "sha256-FRpraDgknF5zoCYTi9CitoIaUYb/XGiXUuVqPg9AYB4=",
        "owner": "cachix",
        "repo": "devenv-nixpkgs",
        "rev": "3a3d4ac6ea3dbf2534ef988086348b7e140b92ad",
        "type": "github"
      },
      "original": {
        "owner": "cachix",
        "ref": "rolling",
        "repo": "devenv-nixpkgs",
        "type": "github"
      }
    },
    "nixpkgs-src": {
      "flake": false,
      "locked": {
        "lastModified": 1775888245,
        "narHash": "sha256-nwASzrRDD1JBEu/o8ekKYEXm/oJW6EMCzCRdrwcLe90=",
        "owner": "NixOS",
        "repo": "nixpkgs",
        "rev": "13043924aaa7375ce482ebe2494338e058282925",
        "type": "github"
      },
      "original": {
        "owner": "NixOS",
        "ref": "nixpkgs-unstable",
        "repo": "nixpkgs",
        "type": "github"
      }
    },
    "root": {
      "inputs": {
        "dagger": "dagger",
        "devenv": "devenv",
        "nixpkgs": "nixpkgs"
      }
    }
  },
  "root": "root",
  "version": 7
}